
Microsoft Visual Studio Solution File, Format Version 12.00
# Visual Studio Version 16
VisualStudioVersion = 16.0.31129.286
MinimumVisualStudioVersion = 10.0.40219.1
Project("{FAE04EC0-301F-11D3-BF4B-00C04F79EFBC}") = "DNSTest", "DNSTest.csproj", "{FEDE49D5-12AA-46F8-AFC7-4553DFEEAA55}"
EndProject
Global
	GlobalSection(SolutionConfigurationPlatforms) = preSolution
		Debug|Any CPU = Debug|Any CPU
		Release|Any CPU = Release|Any CPU
	EndGlobalSection
	GlobalSection(ProjectConfigurationPlatforms) = postSolution
		{FEDE49D5-12AA-46F8-AFC7-4553DFEEAA55}.Debug|Any CPU.ActiveCfg = Debug|Any CPU
		{FEDE49D5-12AA-46F8-AFC7-4553DFEEAA55}.Debug|Any CPU.Build.0 = Debug|Any CPU
		{FEDE49D5-12AA-46F8-AFC7-4553DFEEAA55}.Release|Any CPU.ActiveCfg = Release|Any CPU
		{FEDE49D5-12AA-46F8-AFC7-4553DFEEAA55}.Release|Any CPU.Build.0 = Release|Any CPU
	EndGlobalSection
	GlobalSection(SolutionProperties) = preSolution
		HideSolutionNode = FALSE
	EndGlobalSection
	GlobalSection(ExtensibilityGlobals) = postSolution
		SolutionGuid = {06A69CB6-40B5-4CB9-BE6B-797AAFE3E483}
	EndGlobalSection
EndGlobal
